
Microsoft Visual Studio Solution File, Format Version 12.00
# Visual Studio Version 17
VisualStudioVersion = 17.8.34330.188
MinimumVisualStudioVersion = 10.0.40219.1
Project("{FAE04EC0-301F-11D3-BF4B-00C04F79EFBC}") = "ParcelLocker", "ParcelLocker\ParcelLocker.csproj", "{8DCB6F19-9C61-4D79-AB80-B220D516969D}"
EndProject
Project("{FAE04EC0-301F-11D3-BF4B-00C04F79EFBC}") = "ParcelLocker.Tests", "ParcelLocker.Tests\ParcelLocker.Tests.csproj", "{C459E97A-3C12-4F4F-854A-019113A3BF0E}"
EndProject
Global
	GlobalSection(SolutionConfigurationPlatforms) = preSolution
		Debug|Any CPU = Debug|Any CPU
		Release|Any CPU = Release|Any CPU
	EndGlobalSection
	GlobalSection(ProjectConfigurationPlatforms) = postSolution
		{8DCB6F19-9C61-4D79-AB80-B220D516969D}.Debug|Any CPU.ActiveCfg = Debug|Any CPU
		{8DCB6F19-9C61-4D79-AB80-B220D516969D}.Debug|Any CPU.Build.0 = Debug|Any CPU
		{8DCB6F19-9C61-4D79-AB80-B220D516969D}.Release|Any CPU.ActiveCfg = Release|Any CPU
		{8DCB6F19-9C61-4D79-AB80-B220D516969D}.Release|Any CPU.Build.0 = Release|Any CPU
		{C459E97A-3C12-4F4F-854A-019113A3BF0E}.Debug|Any CPU.ActiveCfg = Debug|Any CPU
		{C459E97A-3C12-4F4F-854A-019113A3BF0E}.Debug|Any CPU.Build.0 = Debug|Any CPU
		{C459E97A-3C12-4F4F-854A-019113A3BF0E}.Release|Any CPU.ActiveCfg = Release|Any CPU
		{C459E97A-3C12-4F4F-854A-019113A3BF0E}.Release|Any CPU.Build.0 = Release|Any CPU
	EndGlobalSection
	GlobalSection(SolutionProperties) = preSolution
		HideSolutionNode = FALSE
	EndGlobalSection
	GlobalSection(ExtensibilityGlobals) = postSolution
		SolutionGuid = {C7C4A8F7-0809-457E-B0D4-315733CBD66E}
	EndGlobalSection
EndGlobal
